dependencies:
  espressif/pcap:
    component_hash: 0c7b9f33628e4f2e6c0906207df0b666198bc90127c04002fc9c5b2f010ce949
    source:
      service_url: https://api.components.espressif.com/
      type: service
    version: 1.0.2
  ethernet_init:
    component_hash: null
    source:
      path: /home/evg/SOFT/Github/ESP32/esp-idf/examples/ethernet/basic/components/ethernet_init
      type: local
    version: '*'
  idf:
    component_hash: null
    source:
      type: idf
    version: 5.3.0
manifest_hash: 2fb64ea4d85b4cf82c6bcbd87c913b9147d9f873d725f0da74426fe9f3467dee
target: esp32s3
version: 1.0.0
